
Microsoft Visual Studio Solution File, Format Version 12.00
# Visual Studio Version 17
VisualStudioVersion = 17.14.36717.8
MinimumVisualStudioVersion = 10.0.40219.1
Project("{FAE04EC0-301F-11D3-BF4B-00C04F79EFBC}") = "BakkerijApp", "BakkerijLimited\BakkerijApp.csproj", "{0A7171EA-3352-42FE-A541-F0F936E0E253}"
EndProject
Project("{FAE04EC0-301F-11D3-BF4B-00C04F79EFBC}") = "BakkerijApp.Tests", "TestBakkerijLimited\BakkerijApp.Tests.csproj", "{A5730A8E-E5DD-4700-A2AC-AE380FFF7980}"
EndProject
Global
	GlobalSection(SolutionConfigurationPlatforms) = preSolution
		Debug|Any CPU = Debug|Any CPU
		Release|Any CPU = Release|Any CPU
	EndGlobalSection
	GlobalSection(ProjectConfigurationPlatforms) = postSolution
		{0A7171EA-3352-42FE-A541-F0F936E0E253}.Debug|Any CPU.ActiveCfg = Debug|Any CPU
		{0A7171EA-3352-42FE-A541-F0F936E0E253}.Debug|Any CPU.Build.0 = Debug|Any CPU
		{0A7171EA-3352-42FE-A541-F0F936E0E253}.Release|Any CPU.ActiveCfg = Release|Any CPU
		{0A7171EA-3352-42FE-A541-F0F936E0E253}.Release|Any CPU.Build.0 = Release|Any CPU
		{A5730A8E-E5DD-4700-A2AC-AE380FFF7980}.Debug|Any CPU.ActiveCfg = Debug|Any CPU
		{A5730A8E-E5DD-4700-A2AC-AE380FFF7980}.Debug|Any CPU.Build.0 = Debug|Any CPU
		{A5730A8E-E5DD-4700-A2AC-AE380FFF7980}.Release|Any CPU.ActiveCfg = Release|Any CPU
		{A5730A8E-E5DD-4700-A2AC-AE380FFF7980}.Release|Any CPU.Build.0 = Release|Any CPU
	EndGlobalSection
	GlobalSection(SolutionProperties) = preSolution
		HideSolutionNode = FALSE
	EndGlobalSection
	GlobalSection(ExtensibilityGlobals) = postSolution
		SolutionGuid = {AEF6C4BA-28AF-4D10-AF58-0019639CD03B}
	EndGlobalSection
EndGlobal
