
Microsoft Visual Studio Solution File, Format Version 12.00
# Visual Studio Version 17
VisualStudioVersion = 17.14.36811.4 d17.14
MinimumVisualStudioVersion = 10.0.40219.1
Project("{FAE04EC0-301F-11D3-BF4B-00C04F79EFBC}") = "Encryption", "Encryption\Encryption.csproj", "{76606D16-E7E8-462D-B821-4D958346A0BD}"
EndProject
Project("{FAE04EC0-301F-11D3-BF4B-00C04F79EFBC}") = "Encryption_oplossing", "Encryption_oplossing\Encryption_oplossing.csproj", "{80FFF6F3-40CC-4EE1-9E79-0B34753E436C}"
EndProject
Global
	GlobalSection(SolutionConfigurationPlatforms) = preSolution
		Debug|Any CPU = Debug|Any CPU
		Release|Any CPU = Release|Any CPU
	EndGlobalSection
	GlobalSection(ProjectConfigurationPlatforms) = postSolution
		{76606D16-E7E8-462D-B821-4D958346A0BD}.Debug|Any CPU.ActiveCfg = Debug|Any CPU
		{76606D16-E7E8-462D-B821-4D958346A0BD}.Debug|Any CPU.Build.0 = Debug|Any CPU
		{76606D16-E7E8-462D-B821-4D958346A0BD}.Release|Any CPU.ActiveCfg = Release|Any CPU
		{76606D16-E7E8-462D-B821-4D958346A0BD}.Release|Any CPU.Build.0 = Release|Any CPU
		{80FFF6F3-40CC-4EE1-9E79-0B34753E436C}.Debug|Any CPU.ActiveCfg = Debug|Any CPU
		{80FFF6F3-40CC-4EE1-9E79-0B34753E436C}.Debug|Any CPU.Build.0 = Debug|Any CPU
		{80FFF6F3-40CC-4EE1-9E79-0B34753E436C}.Release|Any CPU.ActiveCfg = Release|Any CPU
		{80FFF6F3-40CC-4EE1-9E79-0B34753E436C}.Release|Any CPU.Build.0 = Release|Any CPU
	EndGlobalSection
	GlobalSection(SolutionProperties) = preSolution
		HideSolutionNode = FALSE
	EndGlobalSection
	GlobalSection(ExtensibilityGlobals) = postSolution
		SolutionGuid = {187FBCC8-C38E-4B46-BEE9-3975FDE854C1}
	EndGlobalSection
EndGlobal
