
Microsoft Visual Studio Solution File, Format Version 12.00
# Visual Studio Version 17
VisualStudioVersion = 17.14.36811.4 d17.14
MinimumVisualStudioVersion = 10.0.40219.1
Project("{FAE04EC0-301F-11D3-BF4B-00C04F79EFBC}") = "AutomatischeDeur", "AutomatischeDeur\AutomatischeDeur.csproj", "{A611A2B3-A50E-4BED-89C9-E654244E0F41}"
EndProject
Global
	GlobalSection(SolutionConfigurationPlatforms) = preSolution
		Debug|Any CPU = Debug|Any CPU
		Release|Any CPU = Release|Any CPU
	EndGlobalSection
	GlobalSection(ProjectConfigurationPlatforms) = postSolution
		{A611A2B3-A50E-4BED-89C9-E654244E0F41}.Debug|Any CPU.ActiveCfg = Debug|Any CPU
		{A611A2B3-A50E-4BED-89C9-E654244E0F41}.Debug|Any CPU.Build.0 = Debug|Any CPU
		{A611A2B3-A50E-4BED-89C9-E654244E0F41}.Release|Any CPU.ActiveCfg = Release|Any CPU
		{A611A2B3-A50E-4BED-89C9-E654244E0F41}.Release|Any CPU.Build.0 = Release|Any CPU
	EndGlobalSection
	GlobalSection(SolutionProperties) = preSolution
		HideSolutionNode = FALSE
	EndGlobalSection
	GlobalSection(ExtensibilityGlobals) = postSolution
		SolutionGuid = {559694B9-A6EF-445D-BAA6-B94906A36ECD}
	EndGlobalSection
EndGlobal
