
Microsoft Visual Studio Solution File, Format Version 12.00
# Visual Studio Version 17
VisualStudioVersion = 17.14.36623.8 d17.14
MinimumVisualStudioVersion = 10.0.40219.1
Project("{FAE04EC0-301F-11D3-BF4B-00C04F79EFBC}") = "StringCalculator", "StringCalculator\StringCalculator.csproj", "{10B20319-6729-4018-A222-A6E446E5208B}"
EndProject
Project("{2150E333-8FDC-42A3-9474-1A3956D46DE8}") = "Solution Items", "Solution Items", "{8EC462FD-D22E-90A8-E5CE-7E832BA40C5D}"
	ProjectSection(SolutionItems) = preProject
		README.md = README.md
	EndProjectSection
EndProject
Project("{FAE04EC0-301F-11D3-BF4B-00C04F79EFBC}") = "StringCalculatorTests", "StringCalculatorTests\StringCalculatorTests.csproj", "{46FE8D5D-E12B-453B-A5FD-9C624A235A55}"
EndProject
Global
	GlobalSection(SolutionConfigurationPlatforms) = preSolution
		Debug|Any CPU = Debug|Any CPU
		Release|Any CPU = Release|Any CPU
	EndGlobalSection
	GlobalSection(ProjectConfigurationPlatforms) = postSolution
		{10B20319-6729-4018-A222-A6E446E5208B}.Debug|Any CPU.ActiveCfg = Debug|Any CPU
		{10B20319-6729-4018-A222-A6E446E5208B}.Debug|Any CPU.Build.0 = Debug|Any CPU
		{10B20319-6729-4018-A222-A6E446E5208B}.Release|Any CPU.ActiveCfg = Release|Any CPU
		{10B20319-6729-4018-A222-A6E446E5208B}.Release|Any CPU.Build.0 = Release|Any CPU
		{46FE8D5D-E12B-453B-A5FD-9C624A235A55}.Debug|Any CPU.ActiveCfg = Debug|Any CPU
		{46FE8D5D-E12B-453B-A5FD-9C624A235A55}.Debug|Any CPU.Build.0 = Debug|Any CPU
		{46FE8D5D-E12B-453B-A5FD-9C624A235A55}.Release|Any CPU.ActiveCfg = Release|Any CPU
		{46FE8D5D-E12B-453B-A5FD-9C624A235A55}.Release|Any CPU.Build.0 = Release|Any CPU
	EndGlobalSection
	GlobalSection(SolutionProperties) = preSolution
		HideSolutionNode = FALSE
	EndGlobalSection
	GlobalSection(ExtensibilityGlobals) = postSolution
		SolutionGuid = {138A4326-86A3-44D5-9524-DE7F762B87DC}
	EndGlobalSection
EndGlobal
