
Microsoft Visual Studio Solution File, Format Version 12.00
# Visual Studio Version 17
VisualStudioVersion = 17.14.36623.8 d17.14
MinimumVisualStudioVersion = 10.0.40219.1
Project("{FAE04EC0-301F-11D3-BF4B-00C04F79EFBC}") = "Verschilrijen-oplossing", "Verschilrijen-oplossing\Verschilrijen-oplossing.csproj", "{0096209D-A482-422A-9615-2AC5FA3DA15F}"
EndProject
Project("{FAE04EC0-301F-11D3-BF4B-00C04F79EFBC}") = "Verschilrijen.tests", "Verschilrijen.tests\Verschilrijen.tests.csproj", "{14254767-1D1F-4A5C-8EA8-0AA715B016A6}"
EndProject
Global
	GlobalSection(SolutionConfigurationPlatforms) = preSolution
		Debug|Any CPU = Debug|Any CPU
		Release|Any CPU = Release|Any CPU
	EndGlobalSection
	GlobalSection(ProjectConfigurationPlatforms) = postSolution
		{0096209D-A482-422A-9615-2AC5FA3DA15F}.Debug|Any CPU.ActiveCfg = Debug|Any CPU
		{0096209D-A482-422A-9615-2AC5FA3DA15F}.Debug|Any CPU.Build.0 = Debug|Any CPU
		{0096209D-A482-422A-9615-2AC5FA3DA15F}.Release|Any CPU.ActiveCfg = Release|Any CPU
		{0096209D-A482-422A-9615-2AC5FA3DA15F}.Release|Any CPU.Build.0 = Release|Any CPU
		{14254767-1D1F-4A5C-8EA8-0AA715B016A6}.Debug|Any CPU.ActiveCfg = Debug|Any CPU
		{14254767-1D1F-4A5C-8EA8-0AA715B016A6}.Debug|Any CPU.Build.0 = Debug|Any CPU
		{14254767-1D1F-4A5C-8EA8-0AA715B016A6}.Release|Any CPU.ActiveCfg = Release|Any CPU
		{14254767-1D1F-4A5C-8EA8-0AA715B016A6}.Release|Any CPU.Build.0 = Release|Any CPU
	EndGlobalSection
	GlobalSection(SolutionProperties) = preSolution
		HideSolutionNode = FALSE
	EndGlobalSection
	GlobalSection(ExtensibilityGlobals) = postSolution
		SolutionGuid = {96DC28C6-55DB-4AE8-A474-7641A848E58B}
	EndGlobalSection
EndGlobal
